version: 1
files:
  src/messages/en.json:
    header.home: 8cf04a9734132302f96da8e113e80ce5
    header.browse: 1b9abf135ccb7ed2f2cd9c155137c351
    header.sell: 3068c5a98c003498f1fec0c489212e8b
    header.account: bea8d9e6a0d57c4a264756b4f9822ed9
    header.favorites: d78986947356ddd37b43d57df289dee9
    header.settings: f4f70727dc34561dfde1a3c529b6205c
    header.logout: c87aacf5673fada1108c9f809d354311
    header.search: 13348442cc6a27032d2b4aa28b75a5d3
    header.placeholder: 6d3d8bf947926b830d70b322a8f636f7
    header.language: 4994a8ffeba4ac3140beb89e8d41f174
    header.cart: b75443a19207ed3a3552edda86536857
    header.yourCart: 9c7c942b6999a58381fb8745700455f3
    header.total: 96b0141273eabab320119c467cdcaf17
    header.viewCart: 59fc69e031ecb0f82efe467fd6692383
    header.checkout: 6ff063fbc860a79759a7369ac32cee22
    header.login: b6d4223e60986fa4c9af77ee5f7149c5
    products.addToCart: 638f592f71fc3fac3351534e69f9d29f
    products.addedToCart: 70521aea006d2255d223ee5be1629f94
    products.browseTitle: 7b109cb456bdfb9418ff18a5c9e6b45a
    products.filters: f3f43e30c8c7d78c6ac0173515e57a00
    products.hideFilters: 070a964ae36a0bef8743a1c0de81f6ba
    products.activeFilters: a3b10d2781e851abed511e3d066a73a8
    products.categories: af1b98adf7f686b84cd0b443e022b7a0
    products.brands: 84be54bb4bd1b755a27d86388700d097
    products.priceRange: 048af7b74c6719b139cfa16608cd90e0
    products.clearFilters: ccba2fb2d85dab2459f8e8d20a28f468
    products.clearAll: e77fef0167598bb39846637ac3915f4e
    products.noProductsFound: b9af8635591dc44009ccd8e5389722ec
    products.tryAdjusting: e5848a4dc83fdff7c4664c1712badc76
    products.productsCount: 039525b3bda0a27b2d3e75cfcea81e68
    products.grid: 5174d1309f275ba6f275db3af9eb3e18
    products.list: 4ee29ca12c7d126654bd0e5275de6135
    products.sortBy: 6f9d01a14011f05fffe48559583fc609
    products.selectSortOrder: e982e03407321a9074e9607700c53f21
    products.viewOptions: 4351cfebe4b61d8aa5efa1d020710005
    products.back: 0557fa923dcee4d0f86b1409f5c2167f
    products.size: 6f6cb72d544962fa333e2e34ce64f719
    products.color: cb5feb1b7314637725a2e73bdc9f7295
    products.brand: fb437d90e0b282eb818e8e9978bb2f77
    products.category: 56a8a9eb05f9014da51a4f9b57322ac7
    products.sku: 2bf5ae55eb0ead91dda7d1f6c8524b98
    products.relatedProducts: 347da0da598694c57fff1cbaa197d615
    products.featuredProducts: cf8156f1f57a8603cd6b3a28c9c2c61b
    products.newArrivals: 31d26a6487e08357bd771619e894b0c6
    products.bestSellers: d7b2933ba512ada478c97fa43dd7ebe6
    products.sale: f2cd171bd42220283b7a595c3ff2aaaf
    products.add: ec211f7c20af43e742bf2570c3cb84f9
    products.view: 4351cfebe4b61d8aa5efa1d020710005
    products.adjustFilters: 1fe655bafb41063c0ebf2806eca74adc
    products.applyFilters: 79ee641715155ec7d121815215f2b70c
    products.close: d3d2e617335f08df83599665eef8a418
    products.selectViewMode: a7fc75f29e930ddddfe4fab02c454fa1
    products.currency.symbol: c3e97dd6e97fb5125688c97f36720cbe
    products.currency.code: 3518f8944d42212dd37daffe097d216e
    products.currency.format: b84d01ebe0333b969998bcc64a1652ee
    sort.featured: 15422d54ec0d47000dc86a9820a5237e
    sort.priceLow: 30c4bb9e31abf82c375aaed9e0e8dbf1
    sort.priceHigh: 67cfed6f52d81c9a2cffcd71aa5e280c
    sort.nameAsc: 41bdf5037622e9965944a98c52d7fce8
    sort.nameDesc: 9f4dc7aa11bb648bb80275102dcadd5f
    pagination.show: 498f79c4c5bbde77f1bceb6c86fd0f6d
    pagination.perPage: 4f5d5f295ddc8fd8673e74dd5fbe114a
    pagination.next: 10ac3d04253ef7e1ddc73e6091c0cd55
    pagination.previous: dd1f775e443ff3b9a89270713580a51b
    pagination.page: 193cfc9be3b995831c6af2fea6650e60
    cart.viewCart: 8870b78179e136ee99d4506806a34464
    cart.emptyCart: a2a24f4120a52aa71620662c73eced9d
    cart.startShopping: a7c6f80e17eda33dae689051ad021592
    cart.itemsInCart: 73b051889c446fdf4b3eb73dc155f56b
    cart.itemInCart: acef692d86dd25b194897bb4665bb996
    cart.yourCart: c8c2e90c1d7cc78fdb3d6a4f90060522
    cart.yourCartIsEmpty: c68d467646fa1c89e0287cf2ad536488
    cart.continueShopping: 300225ee958b6350abc51805dab83c24
    cart.removeItem: 3a5ff2a600be03b239d9026e685aaee5
    cart.subtotal: 2194aaec8cc7086ab0e93f74547e5f53
    cart.shipping: ea9cf7e47ff33b2be14e6dd07cbcefc6
    cart.tax: 4b78ac8eb158840e9638a3aeb26c4a9d
    cart.orderTotal: fcf35bd8e66b772c865588339b93bfec
    cart.quantity: 694e8d1f2ee056f98ee488bdc4982d73
    cart.updateCart: 8a1ac57c0cc4eb3f6b2fe4c252518c37
    cart.applyCoupon: 6b4f3302b7a65e6b4b86f62fcb37f95c
    cart.estimateShipping: 7d5923c57c8b0313e7f23d75b73d9167
    cart.proceedToCheckout: a499a495da5ef80e907a6690a93be3b6
    cart.cartSummary: 76c5684afc4bd7adab31b1f78765fd93
    cart.shippingAndTaxes: 15fb9bd72edfa9146241b83a303ff599
    cart.freeShipping: b24ce0cd392a5b0b8dedc66c25213594
    cart.itemRemoved: b8ec745d130fe6f00d9ed883c252f445
    cart.itemAdded: dce541286b65b9cd9a4c286f4be297e7
    cart.cartUpdated: a6fbcaee48b01e03f6b1922d608cb606
    features.payment.title: 5235b435fc394f5470e152ed7467b676
    features.payment.description: b31c2135bd17d46d134568582650fbba
    features.return.title: 88fe76f6a4a436d342dbdfa5f8fe598a
    features.return.description: c6b26de0ede299b5fda28a5b19fe367e
    features.support.title: db026591be93993f2b2ff1eeb4959799
    features.support.description: a6106a483924dda8651ea502476c2fc2
    features.newsletter.title: 2d7ce4bb857aee896dc4e435779e766b
    features.newsletter.description: 56877233147721810bf928da2f5d2a82
    footer.shop: 9f82518d468b9fee614fcc92f76bb163
    footer.newArrivals: 31d26a6487e08357bd771619e894b0c6
    footer.bestSellers: d7b2933ba512ada478c97fa43dd7ebe6
    footer.collections: a9fc91939a389c7c73e7a3f3cbf411cd
    footer.sale: f2cd171bd42220283b7a595c3ff2aaaf
    footer.company: 1c76cbfe21c6f44c1d1e59d54f3e4420
    footer.aboutUs: 9e66e6bd4069124578736528a0432752
    footer.careers: 27c7b8732d1a279720d27cc8c3a26c93
    footer.press: 0610123bdd4ffc191a3ea05a847e1307
    footer.sustainability: 19bea5bec76c66ef8bd189aa23a4c860
    footer.support: db5eb84117d06047c97c9a0191b5fffe
    footer.contactUs: 9cfc9b74983d504ec71db33967591249
    footer.faqs: 483a5da192f46e3cfe8391d3ef234fc4
    footer.shippingReturns: d3f06a962c7ca99539196d500cd8cc48
    footer.sizeGuide: e67010114310da96b7cc2176f23e36a1
    footer.legal: a10a9bcd450087de1ce1f80b35f44883
    footer.termsConditions: 1d8cd2bfc6943dcf70236f7d351572a0
    footer.privacyPolicy: fa2ead697d9998cbc65c81384e6533d5
    footer.cookiePolicy: 26b3bb7bcea37723dcea15254b14510f
    footer.followUs: c3527078bab902efe0e19ac9875b795d
    footer.newsletter: ffb7e666a70151215b4c55c6268d7d72
    footer.subscribeText: bef822a257f4b01d98ebde5f72fac11b
    footer.emailPlaceholder: d554d9bf0cd8f79c215600eeb77825e8
    footer.subscribe: b26917587d98330d93f87808fc9d7267
    footer.copyright: 698d8a644408553ab89265b56e776c1e
    heroSlider.summerCollection: af38f4bb10fd4ef191a99d03c2757881
    heroSlider.summerSubtitle: 203b6e3e929690dabad5ded032366283
    heroSlider.exclusiveBrands: 381e3de75278c112d41d17cd006d2d9d
    heroSlider.exclusiveCollection: 381e3de75278c112d41d17cd006d2d9d
    heroSlider.exclusiveSubtitle: 428bbb8b0b8e56228d4643f1f8649372
    heroSlider.newArrivals: 31d26a6487e08357bd771619e894b0c6
    heroSlider.newArrivalsCollection: 31d26a6487e08357bd771619e894b0c6
    heroSlider.newArrivalsSubtitle: 1c8bd4edf06f07297bcbf49c76bc7703
    heroSlider.shopNow: 0a18f0aa51f30f1107495bf639caf16c
    slider.previousSlide: 844e665f1e16a2774d4fdf8adfe4c246
    slider.nextSlide: 9d636c6a540e6ecb5dfe6b278fc7c110
    categories.streetwear: 0fbfc6b33055b0e459fdfb7524b0660a
    categories.accessories: 98edb85b00d9527ad5acebe451b3fae6
    categories.sneakers: ea24260ef5764089bd804dad0885468b
    categories.denim: 26d2add8253cba145696aedb988451f5
    categories.basics: bbc9105ee8508ce6e083a589a351e83a
    categories.luxury: 6f890e3703f983b791d0ef0cc8a8b56f
    productItems.oversizedHoodie: 7b6664bce375922ecba045151a071157
    productItems.denimJacket: 24b90e78cb17bf682a086d0666f2fe21
    productItems.watch: d4c9102aca96328df805533e26ed0c37
    productItems.sneakers: be6be913351a9a427c2ae8e82c46e303
    productItems.armchair: 1152f736e556cdbf89eda5ce102be1ef
    productItems.mugSet: 660131403b16f970791cd62a04784351
    productItems.colorfulHills: 72376c98413da49a0b5878b01b588ca3
    productItems.spineTable: 307efd2c0953b8a76875966c54a185e7
    productItems.snakePlant: 97f1073e811ecf249ab759184f76a8de
    productItems.beatsHeadphones: 2683b52a13ab044afbb2cc484cc8c85f
    productItems.basicCrewneck: 05d621be212b10a461273686ccab05c4
    productItems.pinkCouch: 4b33a4d2a63049e82b349ee1d37131f6
    brands.essentials: 666acf76d85ff675899b8642703e3990
    brands.vintage: cab93ca55ec1989eb83c3509f52ca5a8
    brands.timeless: a769359351fd16070d6fdf0cfdcc40ca
    brands.luxeSteps: 7a7bdb2143f602508b0c7734f09edab0
    brands.zoyaHome: ebd84c769b0171f9d17fc068fcde4780
    brands.eliHome: 4fa5327bed7515a12953b6b8ce06a94d
    brands.mariamTawfik: b4dfb1257e7a5ce9b6c5551ff74136d8
    brands.casaNovelle: 936e75508d82d2c63d4451452ce8b2e0
    brands.mashtalNabta: 93a8e2368b74e8b58f24c357b7af44a3
    brands.trojan: 3dfb7e2ae60f92782da32d82ee6f85cb
    brands.browntoast: 3ea7497fa19eec42dc0b424f6bdd4c55
    brands.walnut: f71c2ad33378d2878ab673ca90a8a661
    promo.copiedToClipboard: efc1a46f7b47e4d3cf60f13b6c89069b
    promo.promoBanner: e1c6d64d70569213cc1d86b76a120d25
    promo.promoPercent: a95b98a46ae739145b0a9eba5008e900
    pwa.install: 790f8a11609432e96c2347f6990001c7
    pwa.installNow: 5edb0eb1006e6be6d4cd5609357b4bb3
    pwa.addToHomeScreen: b507e384d75b5ec0ef00b16313d93b94
    pwa.installApp: 31090fb35edee8b130cabd5f69e0efd4
    pwa.installDescription: 3aa9a8b4a1dfddbf10749bac0c128221
    pwa.mobileInstallDescription: 88677ac223769b2052eaa45d61616f2a
    pwa.notNow: 8dff1db0ccc7a61ba7e293a5b3124888
    pwa.gotIt: 78e981599281c16fe016b55b136edf5f
    pwa.installOnIOS: cf75f427f6eafe4462ada79b1151c6e4
    pwa.iosInstructions.step1: c80ee1f71dfab4a89b43a2ca220085fd
    pwa.iosInstructions.step2: e6bf46f04a35e731b0d5067cbf4292a2
    pwa.iosInstructions.step3: bcdb0025d1b94bd3bac459af6ceee3e2
    pwa.iosInstructions.note: 67a7da4474133c90bf6d34de7ca3ae4b
    showing: 2f5492b25349ba858e9a69b9ddad3a0a
    sell.title: 1776d37e5d20ce223ba480c160feee62
    sell.description: 243b6a390a4414440eca67c6b9579730
    sell.firstName: bc910f8bdf70f29374f496f05be0330c
    sell.firstNamePlaceholder: 52208c658258515fbb2eabda4bef4f2a
    sell.lastName: 77587239bf4c54ea493c7033e1dbf636
    sell.lastNamePlaceholder: 4fb9609670b56c0dfef5098d59dda189
    sell.email: 643a860f992333b8600ea264aca7c4fc
    sell.emailPlaceholder: 67135a14d3ac4f1369633dd006d6efec
    sell.phone: 1e4dbc7eaa78468a3bc1448a3d68d906
    sell.phonePlaceholder: f8d408f6a3e4163b81247024270cef3a
    sell.storeName: e3fb0b5e9ce53fe70b119648fc217f44
    sell.storeNamePlaceholder: a3b5b68fbcbdf411dfe392e8ccc0cab9
    sell.agreement: 9d9eb7495b26327d9d04a31a85693336
    sell.submit: 8de16b6e6eacb24095c04c9b15b4b829
    sell.submitting: f39bda51d64d60a16468930b04ccb606
    auth.loginTitle: ebdf0f490b617d7efa3025d3625cec85
    auth.loginDescription: 41c7f398db6c57ffeb4cc154f814e897
    auth.loginSubtitle: 76a24371b1cc899e2da10d3c6a97f7b4
    auth.loginQuote: 8c0a1aea9c7e293a45a9f252b0f631d9
    auth.loginQuoteAuthor: 6e267b0466b8e207fb203ac0e8f1e38a
    auth.loginButton: b6d4223e60986fa4c9af77ee5f7149c5
    auth.loginError: 2abaf354cded8da0ff72d3082cf720b0
    auth.emailLabel: ce8ae9da5b7cd6c3df2929543a9af92d
    auth.emailPlaceholder: a130ced3f36ffd4604f4dae04b2b3bcd
    auth.passwordLabel: dc647eb65e6711e155375218212b3964
    auth.passwordPlaceholder: e8d28194f9b3498d21fbda21321d0226
    auth.forgotPassword: 8458bad978f4fd6d6c7f8ec2ec0824b4
    auth.noAccount: a5f61298da21626d0f490ebd06ecd811
    auth.registerLink: 2fdfd506efea08144c0794c32ca8250a
    auth.registerTitle: 2fdfd506efea08144c0794c32ca8250a
    auth.registerSubtitle: 897d1df6c6027ce7e92ed24308d056cf
    auth.registerButton: d9776f0775997b2e698c6975420b5c5d
    auth.registerError: 9445c6c6c73d27b7262a3c458fa18f7d
    auth.nameLabel: 630058029627ce58e7571e7a5b6ec591
    auth.namePlaceholder: 387af98b1574a74e12eb99f3ed220831
    auth.confirmPasswordLabel: 887f7db126221fe60d18c895d41dc8f6
    auth.confirmPasswordPlaceholder: 795a83a07516aaa35e4dd9464b9fe1bb
    auth.passwordsDoNotMatch: 867cee98fdd724e7d5bc87f61ce657bc
    auth.alreadyHaveAccount: 21bdc5689c12595ae14298354d5550d5
